// !$*UTF8*$!
{
	archiveVersion = 1;
	classes = {
	};
	objectVersion = 56;
	objects = {

/* Begin PBXBuildFile section */
		8488BABD29854DF1009E3F44 /* SwiftCombineDemoApp.swift in Sources */ = {isa = PBXBuildFile; fileRef = 8488BABC29854DF1009E3F44 /* SwiftCombineDemoApp.swift */; };
		8488BABF29854DF1009E3F44 /* ContentView.swift in Sources */ = {isa = PBXBuildFile; fileRef = 8488BABE29854DF1009E3F44 /* ContentView.swift */; };
		8488BAC129854DF2009E3F44 /* Assets.xcassets in Resources */ = {isa = PBXBuildFile; fileRef = 8488BAC029854DF2009E3F44 /* Assets.xcassets */; };
		8488BAC429854DF2009E3F44 /* Preview Assets.xcassets in Resources */ = {isa = PBXBuildFile; fileRef = 8488BAC329854DF2009E3F44 /* Preview Assets.xcassets */; };
		8488BAC629854DF2009E3F44 /* Persistence.swift in Sources */ = {isa = PBXBuildFile; fileRef = 8488BAC529854DF2009E3F44 /* Persistence.swift */; };
		8488BAC929854DF2009E3F44 /* SwiftCombineDemo.xcdatamodeld in Sources */ = {isa = PBXBuildFile; fileRef = 8488BAC729854DF2009E3F44 /* SwiftCombineDemo.xcdatamodeld */; };
		8488BAD329854DF2009E3F44 /* SwiftCombineDemoTests.swift in Sources */ = {isa = PBXBuildFile; fileRef = 8488BAD229854DF2009E3F44 /* SwiftCombineDemoTests.swift */; };
		8488BADD29854DF2009E3F44 /* SwiftCombineDemoUITests.swift in Sources */ = {isa = PBXBuildFile; fileRef = 8488BADC29854DF2009E3F44 /* SwiftCombineDemoUITests.swift */; };
		8488BADF29854DF2009E3F44 /* SwiftCombineDemoUITestsLaunchTests.swift in Sources */ = {isa = PBXBuildFile; fileRef = 8488BADE29854DF2009E3F44 /* SwiftCombineDemoUITestsLaunchTests.swift */; };
		8488BAEE29855D25009E3F44 /* NetworkClient.swift in Sources */ = {isa = PBXBuildFile; fileRef = 8488BAED29855D25009E3F44 /* NetworkClient.swift */; };
		8488BAF129855D69009E3F44 /* Alamofire in Frameworks */ = {isa = PBXBuildFile; productRef = 8488BAF029855D69009E3F44 /* Alamofire */; };
		8488BAF329855DA9009E3F44 /* RequestAdapter.swift in Sources */ = {isa = PBXBuildFile; fileRef = 8488BAF229855DA9009E3F44 /* RequestAdapter.swift */; };
		8488BAF529855DC9009E3F44 /* Network.swift in Sources */ = {isa = PBXBuildFile; fileRef = 8488BAF429855DC9009E3F44 /* Network.swift */; };
		8488BAF729855E07009E3F44 /* APIConfiguration.swift in Sources */ = {isa = PBXBuildFile; fileRef = 8488BAF629855E07009E3F44 /* APIConfiguration.swift */; };
		8488BAF929855E2D009E3F44 /* URLs.swift in Sources */ = {isa = PBXBuildFile; fileRef = 8488BAF829855E2D009E3F44 /* URLs.swift */; };
		8488BAFB29855E6B009E3F44 /* Logger.swift in Sources */ = {isa = PBXBuildFile; fileRef = 8488BAFA29855E6B009E3F44 /* Logger.swift */; };
		8488BAFF29855F16009E3F44 /* GenericResponse.swift in Sources */ = {isa = PBXBuildFile; fileRef = 8488BAFE29855F16009E3F44 /* GenericResponse.swift */; };
		8488BB012985624C009E3F44 /* CurrecnyAPIRouter.swift in Sources */ = {isa = PBXBuildFile; fileRef = 8488BB002985624C009E3F44 /* CurrecnyAPIRouter.swift */; };
		8488BB03298564EB009E3F44 /* Currency.swift in Sources */ = {isa = PBXBuildFile; fileRef = 8488BB02298564EB009E3F44 /* Currency.swift */; };
		8488BB1029866982009E3F44 /* ConversionRateManager.swift in Sources */ = {isa = PBXBuildFile; fileRef = 8488BB0F29866982009E3F44 /* ConversionRateManager.swift */; };
		8488BB13298669A1009E3F44 /* ConversionRateRepository.swift in Sources */ = {isa = PBXBuildFile; fileRef = 8488BB12298669A1009E3F44 /* ConversionRateRepository.swift */; };
		8488BB1B29866EFA009E3F44 /* CDConversionRates+CoreDataClass.swift in Sources */ = {isa = PBXBuildFile; fileRef = 8488BB1929866EFA009E3F44 /* CDConversionRates+CoreDataClass.swift */; };
		8488BB1C29866EFA009E3F44 /* CDConversionRates+CoreDataProperties.swift in Sources */ = {isa = PBXBuildFile; fileRef = 8488BB1A29866EFA009E3F44 /* CDConversionRates+CoreDataProperties.swift */; };
		8488BB1E298693E5009E3F44 /* UserDefaultHelper.swift in Sources */ = {isa = PBXBuildFile; fileRef = 8488BB1D298693E5009E3F44 /* UserDefaultHelper.swift */; };
		8488BB2029869BA4009E3F44 /* Extensions.swift in Sources */ = {isa = PBXBuildFile; fileRef = 8488BB1F29869BA4009E3F44 /* Extensions.swift */; };
		8488BB2229869D55009E3F44 /* CurrencyView.swift in Sources */ = {isa = PBXBuildFile; fileRef = 8488BB2129869D55009E3F44 /* CurrencyView.swift */; };
		8488BB272987B1D9009E3F44 /* PickerView.swift in Sources */ = {isa = PBXBuildFile; fileRef = 8488BB262987B1D9009E3F44 /* PickerView.swift */; };
		8488BB292987B1FC009E3F44 /* BaseCurrencySelectionView.swift in Sources */ = {isa = PBXBuildFile; fileRef = 8488BB282987B1FC009E3F44 /* BaseCurrencySelectionView.swift */; };
		8488BB2B2987B210009E3F44 /* TargetCurrencySelectionView.swift in Sources */ = {isa = PBXBuildFile; fileRef = 8488BB2A2987B210009E3F44 /* TargetCurrencySelectionView.swift */; };
		8488BB2D2987B221009E3F44 /* ResultTextFieldView.swift in Sources */ = {isa = PBXBuildFile; fileRef = 8488BB2C2987B221009E3F44 /* ResultTextFieldView.swift */; };
		8488BB2F2987B24A009E3F44 /* ExchangeDashboardUseCase.swift in Sources */ = {isa = PBXBuildFile; fileRef = 8488BB2E2987B24A009E3F44 /* ExchangeDashboardUseCase.swift */; };
		8488BB322987B3D0009E3F44 /* ExchangeDashboardPresenter.swift in Sources */ = {isa = PBXBuildFile; fileRef = 8488BB312987B3D0009E3F44 /* ExchangeDashboardPresenter.swift */; };
		8488BB362987C3B6009E3F44 /* PreConfirmationView.swift in Sources */ = {isa = PBXBuildFile; fileRef = 8488BB352987C3B6009E3F44 /* PreConfirmationView.swift */; };
		8488BB3C2987FA99009E3F44 /* AcknowledgeExchange.swift in Sources */ = {isa = PBXBuildFile; fileRef = 8488BB3B2987FA99009E3F44 /* AcknowledgeExchange.swift */; };
		8488BB3E298807BD009E3F44 /* Picker.swift in Sources */ = {isa = PBXBuildFile; fileRef = 8488BB3D298807BD009E3F44 /* Picker.swift */; };
/* End PBXBuildFile section */

/* Begin PBXContainerItemProxy section */
		8488BACF29854DF2009E3F44 /* PBXContainerItemProxy */ = {
			isa = PBXContainerItemProxy;
			containerPortal = 8488BAB129854DF1009E3F44 /* Project object */;
			proxyType = 1;
			remoteGlobalIDString = 8488BAB829854DF1009E3F44;
			remoteInfo = SwiftCombineDemo;
		};
		8488BAD929854DF2009E3F44 /* PBXContainerItemProxy */ = {
			isa = PBXContainerItemProxy;
			containerPortal = 8488BAB129854DF1009E3F44 /* Project object */;
			proxyType = 1;
			remoteGlobalIDString = 8488BAB829854DF1009E3F44;
			remoteInfo = SwiftCombineDemo;
		};
/* End PBXContainerItemProxy section */

/* Begin PBXFileReference section */
		8488BAB929854DF1009E3F44 /* SwiftCombineDemo.app */ = {isa = PBXFileReference; explicitFileType = wrapper.application; includeInIndex = 0; path = SwiftCombineDemo.app; sourceTree = BUILT_PRODUCTS_DIR; };
		8488BABC29854DF1009E3F44 /* SwiftCombineDemoApp.swift */ = {isa = PBXFileReference; lastKnownFileType = sourcecode.swift; path = SwiftCombineDemoApp.swift; sourceTree = "<group>"; };
		8488BABE29854DF1009E3F44 /* ContentView.swift */ = {isa = PBXFileReference; lastKnownFileType = sourcecode.swift; path = ContentView.swift; sourceTree = "<group>"; };
		8488BAC029854DF2009E3F44 /* Assets.xcassets */ = {isa = PBXFileReference; lastKnownFileType = folder.assetcatalog; path = Assets.xcassets; sourceTree = "<group>"; };
		8488BAC329854DF2009E3F44 /* Preview Assets.xcassets */ = {isa = PBXFileReference; lastKnownFileType = folder.assetcatalog; path = "Preview Assets.xcassets"; sourceTree = "<group>"; };
		8488BAC529854DF2009E3F44 /* Persistence.swift */ = {isa = PBXFileReference; lastKnownFileType = sourcecode.swift; path = Persistence.swift; sourceTree = "<group>"; };
		8488BAC829854DF2009E3F44 /* SwiftCombineDemo.xcdatamodel */ = {isa = PBXFileReference; lastKnownFileType = wrapper.xcdatamodel; path = SwiftCombineDemo.xcdatamodel; sourceTree = "<group>"; };
		8488BACE29854DF2009E3F44 /* SwiftCombineDemoTests.xctest */ = {isa = PBXFileReference; explicitFileType = wrapper.cfbundle; includeInIndex = 0; path = SwiftCombineDemoTests.xctest; sourceTree = BUILT_PRODUCTS_DIR; };
		8488BAD229854DF2009E3F44 /* SwiftCombineDemoTests.swift */ = {isa = PBXFileReference; lastKnownFileType = sourcecode.swift; path = SwiftCombineDemoTests.swift; sourceTree = "<group>"; };
		8488BAD829854DF2009E3F44 /* SwiftCombineDemoUITests.xctest */ = {isa = PBXFileReference; explicitFileType = wrapper.cfbundle; includeInIndex = 0; path = SwiftCombineDemoUITests.xctest; sourceTree = BUILT_PRODUCTS_DIR; };
		8488BADC29854DF2009E3F44 /* SwiftCombineDemoUITests.swift */ = {isa = PBXFileReference; lastKnownFileType = sourcecode.swift; path = SwiftCombineDemoUITests.swift; sourceTree = "<group>"; };
		8488BADE29854DF2009E3F44 /* SwiftCombineDemoUITestsLaunchTests.swift */ = {isa = PBXFileReference; lastKnownFileType = sourcecode.swift; path = SwiftCombineDemoUITestsLaunchTests.swift; sourceTree = "<group>"; };
		8488BAED29855D25009E3F44 /* NetworkClient.swift */ = {isa = PBXFileReference; lastKnownFileType = sourcecode.swift; path = NetworkClient.swift; sourceTree = "<group>"; };
		8488BAF229855DA9009E3F44 /* RequestAdapter.swift */ = {isa = PBXFileReference; lastKnownFileType = sourcecode.swift; path = RequestAdapter.swift; sourceTree = "<group>"; };
		8488BAF429855DC9009E3F44 /* Network.swift */ = {isa = PBXFileReference; lastKnownFileType = sourcecode.swift; path = Network.swift; sourceTree = "<group>"; };
		8488BAF629855E07009E3F44 /* APIConfiguration.swift */ = {isa = PBXFileReference; lastKnownFileType = sourcecode.swift; path = APIConfiguration.swift; sourceTree = "<group>"; };
		8488BAF829855E2D009E3F44 /* URLs.swift */ = {isa = PBXFileReference; lastKnownFileType = sourcecode.swift; path = URLs.swift; sourceTree = "<group>"; };
		8488BAFA29855E6B009E3F44 /* Logger.swift */ = {isa = PBXFileReference; lastKnownFileType = sourcecode.swift; path = Logger.swift; sourceTree = "<group>"; };
		8488BAFE29855F16009E3F44 /* GenericResponse.swift */ = {isa = PBXFileReference; lastKnownFileType = sourcecode.swift; path = GenericResponse.swift; sourceTree = "<group>"; };
		8488BB002985624C009E3F44 /* CurrecnyAPIRouter.swift */ = {isa = PBXFileReference; lastKnownFileType = sourcecode.swift; path = CurrecnyAPIRouter.swift; sourceTree = "<group>"; };
		8488BB02298564EB009E3F44 /* Currency.swift */ = {isa = PBXFileReference; lastKnownFileType = sourcecode.swift; path = Currency.swift; sourceTree = "<group>"; };
		8488BB0F29866982009E3F44 /* ConversionRateManager.swift */ = {isa = PBXFileReference; lastKnownFileType = sourcecode.swift; path = ConversionRateManager.swift; sourceTree = "<group>"; };
		8488BB12298669A1009E3F44 /* ConversionRateRepository.swift */ = {isa = PBXFileReference; lastKnownFileType = sourcecode.swift; path = ConversionRateRepository.swift; sourceTree = "<group>"; };
		8488BB1929866EFA009E3F44 /* CDConversionRates+CoreDataClass.swift */ = {isa = PBXFileReference; lastKnownFileType = sourcecode.swift; path = "CDConversionRates+CoreDataClass.swift"; sourceTree = "<group>"; };
		8488BB1A29866EFA009E3F44 /* CDConversionRates+CoreDataProperties.swift */ = {isa = PBXFileReference; lastKnownFileType = sourcecode.swift; path = "CDConversionRates+CoreDataProperties.swift"; sourceTree = "<group>"; };
		8488BB1D298693E5009E3F44 /* UserDefaultHelper.swift */ = {isa = PBXFileReference; lastKnownFileType = sourcecode.swift; path = UserDefaultHelper.swift; sourceTree = "<group>"; };
		8488BB1F29869BA4009E3F44 /* Extensions.swift */ = {isa = PBXFileReference; lastKnownFileType = sourcecode.swift; path = Extensions.swift; sourceTree = "<group>"; };
		8488BB2129869D55009E3F44 /* CurrencyView.swift */ = {isa = PBXFileReference; lastKnownFileType = sourcecode.swift; path = CurrencyView.swift; sourceTree = "<group>"; };
		8488BB262987B1D9009E3F44 /* PickerView.swift */ = {isa = PBXFileReference; lastKnownFileType = sourcecode.swift; path = PickerView.swift; sourceTree = "<group>"; };
		8488BB282987B1FC009E3F44 /* BaseCurrencySelectionView.swift */ = {isa = PBXFileReference; lastKnownFileType = sourcecode.swift; path = BaseCurrencySelectionView.swift; sourceTree = "<group>"; };
		8488BB2A2987B210009E3F44 /* TargetCurrencySelectionView.swift */ = {isa = PBXFileReference; lastKnownFileType = sourcecode.swift; path = TargetCurrencySelectionView.swift; sourceTree = "<group>"; };
		8488BB2C2987B221009E3F44 /* ResultTextFieldView.swift */ = {isa = PBXFileReference; lastKnownFileType = sourcecode.swift; path = ResultTextFieldView.swift; sourceTree = "<group>"; };
		8488BB2E2987B24A009E3F44 /* ExchangeDashboardUseCase.swift */ = {isa = PBXFileReference; lastKnownFileType = sourcecode.swift; path = ExchangeDashboardUseCase.swift; sourceTree = "<group>"; };
		8488BB312987B3D0009E3F44 /* ExchangeDashboardPresenter.swift */ = {isa = PBXFileReference; lastKnownFileType = sourcecode.swift; path = ExchangeDashboardPresenter.swift; sourceTree = "<group>"; };
		8488BB352987C3B6009E3F44 /* PreConfirmationView.swift */ = {isa = PBXFileReference; lastKnownFileType = sourcecode.swift; path = PreConfirmationView.swift; sourceTree = "<group>"; };
		8488BB3B2987FA99009E3F44 /* AcknowledgeExchange.swift */ = {isa = PBXFileReference; lastKnownFileType = sourcecode.swift; path = AcknowledgeExchange.swift; sourceTree = "<group>"; };
		8488BB3D298807BD009E3F44 /* Picker.swift */ = {isa = PBXFileReference; lastKnownFileType = sourcecode.swift; path = Picker.swift; sourceTree = "<group>"; };
/* End PBXFileReference section */

/* Begin PBXFrameworksBuildPhase section */
		8488BAB629854DF1009E3F44 /* Frameworks */ = {
			isa = PBXFrameworksBuildPhase;
			buildActionMask = 2147483647;
			files = (
				8488BAF129855D69009E3F44 /* Alamofire in Frameworks */,
			);
			runOnlyForDeploymentPostprocessing = 0;
		};
		8488BACB29854DF2009E3F44 /* Frameworks */ = {
			isa = PBXFrameworksBuildPhase;
			buildActionMask = 2147483647;
			files = (
			);
			runOnlyForDeploymentPostprocessing = 0;
		};
		8488BAD529854DF2009E3F44 /* Frameworks */ = {
			isa = PBXFrameworksBuildPhase;
			buildActionMask = 2147483647;
			files = (
			);
			runOnlyForDeploymentPostprocessing = 0;
		};
/* End PBXFrameworksBuildPhase section */

/* Begin PBXGroup section */
		8488BAB029854DF1009E3F44 = {
			isa = PBXGroup;
			children = (
				8488BABB29854DF1009E3F44 /* SwiftCombineDemo */,
				8488BAD129854DF2009E3F44 /* SwiftCombineDemoTests */,
				8488BADB29854DF2009E3F44 /* SwiftCombineDemoUITests */,
				8488BABA29854DF1009E3F44 /* Products */,
			);
			sourceTree = "<group>";
		};
		8488BABA29854DF1009E3F44 /* Products */ = {
			isa = PBXGroup;
			children = (
				8488BAB929854DF1009E3F44 /* SwiftCombineDemo.app */,
				8488BACE29854DF2009E3F44 /* SwiftCombineDemoTests.xctest */,
				8488BAD829854DF2009E3F44 /* SwiftCombineDemoUITests.xctest */,
			);
			name = Products;
			sourceTree = "<group>";
		};
		8488BABB29854DF1009E3F44 /* SwiftCombineDemo */ = {
			isa = PBXGroup;
			children = (
				8488BB382987FA54009E3F44 /* AcknowledgementPage */,
				8488BB332987C38D009E3F44 /* PreConfirmation */,
				8488BB232987B1AE009E3F44 /* ExchangeDashboard */,
				8488BB0929866940009E3F44 /* CoreData */,
				8488BAFC29855F05009E3F44 /* Common */,
				8488BAEB29854E7D009E3F44 /* Service */,
				8488BABC29854DF1009E3F44 /* SwiftCombineDemoApp.swift */,
				8488BAC029854DF2009E3F44 /* Assets.xcassets */,
				8488BAC529854DF2009E3F44 /* Persistence.swift */,
				8488BAC729854DF2009E3F44 /* SwiftCombineDemo.xcdatamodeld */,
				8488BAC229854DF2009E3F44 /* Preview Content */,
				8488BB02298564EB009E3F44 /* Currency.swift */,
				8488BB3D298807BD009E3F44 /* Picker.swift */,
			);
			path = SwiftCombineDemo;
			sourceTree = "<group>";
		};
		8488BAC229854DF2009E3F44 /* Preview Content */ = {
			isa = PBXGroup;
			children = (
				8488BAC329854DF2009E3F44 /* Preview Assets.xcassets */,
			);
			path = "Preview Content";
			sourceTree = "<group>";
		};
		8488BAD129854DF2009E3F44 /* SwiftCombineDemoTests */ = {
			isa = PBXGroup;
			children = (
				8488BAD229854DF2009E3F44 /* SwiftCombineDemoTests.swift */,
			);
			path = SwiftCombineDemoTests;
			sourceTree = "<group>";
		};
		8488BADB29854DF2009E3F44 /* SwiftCombineDemoUITests */ = {
			isa = PBXGroup;
			children = (
				8488BADC29854DF2009E3F44 /* SwiftCombineDemoUITests.swift */,
				8488BADE29854DF2009E3F44 /* SwiftCombineDemoUITestsLaunchTests.swift */,
			);
			path = SwiftCombineDemoUITests;
			sourceTree = "<group>";
		};
		8488BAEB29854E7D009E3F44 /* Service */ = {
			isa = PBXGroup;
			children = (
				8488BAEC29854E94009E3F44 /* Network */,
			);
			path = Service;
			sourceTree = "<group>";
		};
		8488BAEC29854E94009E3F44 /* Network */ = {
			isa = PBXGroup;
			children = (
				8488BAED29855D25009E3F44 /* NetworkClient.swift */,
				8488BAF229855DA9009E3F44 /* RequestAdapter.swift */,
				8488BAF429855DC9009E3F44 /* Network.swift */,
				8488BAF629855E07009E3F44 /* APIConfiguration.swift */,
				8488BAF829855E2D009E3F44 /* URLs.swift */,
				8488BAFA29855E6B009E3F44 /* Logger.swift */,
				8488BB002985624C009E3F44 /* CurrecnyAPIRouter.swift */,
			);
			path = Network;
			sourceTree = "<group>";
		};
		8488BAFC29855F05009E3F44 /* Common */ = {
			isa = PBXGroup;
			children = (
				8488BAFD29855F0E009E3F44 /* Helper */,
			);
			path = Common;
			sourceTree = "<group>";
		};
		8488BAFD29855F0E009E3F44 /* Helper */ = {
			isa = PBXGroup;
			children = (
				8488BAFE29855F16009E3F44 /* GenericResponse.swift */,
				8488BB1D298693E5009E3F44 /* UserDefaultHelper.swift */,
				8488BB1F29869BA4009E3F44 /* Extensions.swift */,
			);
			path = Helper;
			sourceTree = "<group>";
		};
		8488BB0929866940009E3F44 /* CoreData */ = {
			isa = PBXGroup;
			children = (
				8488BB1429866DEF009E3F44 /* Model */,
				8488BB112986698B009E3F44 /* Repository */,
				8488BB0E29866979009E3F44 /* Manager */,
			);
			path = CoreData;
			sourceTree = "<group>";
		};
		8488BB0E29866979009E3F44 /* Manager */ = {
			isa = PBXGroup;
			children = (
				8488BB0F29866982009E3F44 /* ConversionRateManager.swift */,
			);
			path = Manager;
			sourceTree = "<group>";
		};
		8488BB112986698B009E3F44 /* Repository */ = {
			isa = PBXGroup;
			children = (
				8488BB12298669A1009E3F44 /* ConversionRateRepository.swift */,
			);
			path = Repository;
			sourceTree = "<group>";
		};
		8488BB1429866DEF009E3F44 /* Model */ = {
			isa = PBXGroup;
			children = (
				8488BB1929866EFA009E3F44 /* CDConversionRates+CoreDataClass.swift */,
				8488BB1A29866EFA009E3F44 /* CDConversionRates+CoreDataProperties.swift */,
			);
			path = Model;
			sourceTree = "<group>";
		};
		8488BB232987B1AE009E3F44 /* ExchangeDashboard */ = {
			isa = PBXGroup;
			children = (
				8488BB302987B3BB009E3F44 /* Presenter */,
				8488BB252987B1BB009E3F44 /* UseCase */,
				8488BB242987B1B7009E3F44 /* View */,
			);
			path = ExchangeDashboard;
			sourceTree = "<group>";
		};
		8488BB242987B1B7009E3F44 /* View */ = {
			isa = PBXGroup;
			children = (
				8488BABE29854DF1009E3F44 /* ContentView.swift */,
				8488BB2129869D55009E3F44 /* CurrencyView.swift */,
				8488BB262987B1D9009E3F44 /* PickerView.swift */,
				8488BB282987B1FC009E3F44 /* BaseCurrencySelectionView.swift */,
				8488BB2A2987B210009E3F44 /* TargetCurrencySelectionView.swift */,
				8488BB2C2987B221009E3F44 /* ResultTextFieldView.swift */,
			);
			path = View;
			sourceTree = "<group>";
		};
		8488BB252987B1BB009E3F44 /* UseCase */ = {
			isa = PBXGroup;
			children = (
				8488BB2E2987B24A009E3F44 /* ExchangeDashboardUseCase.swift */,
			);
			path = UseCase;
			sourceTree = "<group>";
		};
		8488BB302987B3BB009E3F44 /* Presenter */ = {
			isa = PBXGroup;
			children = (
				8488BB312987B3D0009E3F44 /* ExchangeDashboardPresenter.swift */,
			);
			path = Presenter;
			sourceTree = "<group>";
		};
		8488BB332987C38D009E3F44 /* PreConfirmation */ = {
			isa = PBXGroup;
			children = (
				8488BB342987C3AE009E3F44 /* View */,
			);
			path = PreConfirmation;
			sourceTree = "<group>";
		};
		8488BB342987C3AE009E3F44 /* View */ = {
			isa = PBXGroup;
			children = (
				8488BB352987C3B6009E3F44 /* PreConfirmationView.swift */,
			);
			path = View;
			sourceTree = "<group>";
		};
		8488BB382987FA54009E3F44 /* AcknowledgementPage */ = {
			isa = PBXGroup;
			children = (
				8488BB392987FA79009E3F44 /* View */,
			);
			path = AcknowledgementPage;
			sourceTree = "<group>";
		};
		8488BB392987FA79009E3F44 /* View */ = {
			isa = PBXGroup;
			children = (
				8488BB3B2987FA99009E3F44 /* AcknowledgeExchange.swift */,
			);
			path = View;
			sourceTree = "<group>";
		};
/* End PBXGroup section */

/* Begin PBXNativeTarget section */
		8488BAB829854DF1009E3F44 /* SwiftCombineDemo */ = {
			isa = PBXNativeTarget;
			buildConfigurationList = 8488BAE229854DF2009E3F44 /* Build configuration list for PBXNativeTarget "SwiftCombineDemo" */;
			buildPhases = (
				8488BAB529854DF1009E3F44 /* Sources */,
				8488BAB629854DF1009E3F44 /* Frameworks */,
				8488BAB729854DF1009E3F44 /* Resources */,
			);
			buildRules = (
			);
			dependencies = (
			);
			name = SwiftCombineDemo;
			packageProductDependencies = (
				8488BAF029855D69009E3F44 /* Alamofire */,
			);
			productName = SwiftCombineDemo;
			productReference = 8488BAB929854DF1009E3F44 /* SwiftCombineDemo.app */;
			productType = "com.apple.product-type.application";
		};
		8488BACD29854DF2009E3F44 /* SwiftCombineDemoTests */ = {
			isa = PBXNativeTarget;
			buildConfigurationList = 8488BAE529854DF2009E3F44 /* Build configuration list for PBXNativeTarget "SwiftCombineDemoTests" */;
			buildPhases = (
				8488BACA29854DF2009E3F44 /* Sources */,
				8488BACB29854DF2009E3F44 /* Frameworks */,
				8488BACC29854DF2009E3F44 /* Resources */,
			);
			buildRules = (
			);
			dependencies = (
				8488BAD029854DF2009E3F44 /* PBXTargetDependency */,
			);
			name = SwiftCombineDemoTests;
			productName = SwiftCombineDemoTests;
			productReference = 8488BACE29854DF2009E3F44 /* SwiftCombineDemoTests.xctest */;
			productType = "com.apple.product-type.bundle.unit-test";
		};
		8488BAD729854DF2009E3F44 /* SwiftCombineDemoUITests */ = {
			isa = PBXNativeTarget;
			buildConfigurationList = 8488BAE829854DF2009E3F44 /* Build configuration list for PBXNativeTarget "SwiftCombineDemoUITests" */;
			buildPhases = (
				8488BAD429854DF2009E3F44 /* Sources */,
				8488BAD529854DF2009E3F44 /* Frameworks */,
				8488BAD629854DF2009E3F44 /* Resources */,
			);
			buildRules = (
			);
			dependencies = (
				8488BADA29854DF2009E3F44 /* PBXTargetDependency */,
			);
			name = SwiftCombineDemoUITests;
			productName = SwiftCombineDemoUITests;
			productReference = 8488BAD829854DF2009E3F44 /* SwiftCombineDemoUITests.xctest */;
			productType = "com.apple.product-type.bundle.ui-testing";
		};
/* End PBXNativeTarget section */

/* Begin PBXProject section */
		8488BAB129854DF1009E3F44 /* Project object */ = {
			isa = PBXProject;
			attributes = {
				BuildIndependentTargetsInParallel = 1;
				LastSwiftUpdateCheck = 1400;
				LastUpgradeCheck = 1400;
				TargetAttributes = {
					8488BAB829854DF1009E3F44 = {
						CreatedOnToolsVersion = 14.0.1;
					};
					8488BACD29854DF2009E3F44 = {
						CreatedOnToolsVersion = 14.0.1;
						TestTargetID = 8488BAB829854DF1009E3F44;
					};
					8488BAD729854DF2009E3F44 = {
						CreatedOnToolsVersion = 14.0.1;
						TestTargetID = 8488BAB829854DF1009E3F44;
					};
				};
			};
			buildConfigurationList = 8488BAB429854DF1009E3F44 /* Build configuration list for PBXProject "SwiftCombineDemo" */;
			compatibilityVersion = "Xcode 14.0";
			developmentRegion = en;
			hasScannedForEncodings = 0;
			knownRegions = (
				en,
				Base,
			);
			mainGroup = 8488BAB029854DF1009E3F44;
			packageReferences = (
				8488BAEF29855D69009E3F44 /* XCRemoteSwiftPackageReference "Alamofire" */,
			);
			productRefGroup = 8488BABA29854DF1009E3F44 /* Products */;
			projectDirPath = "";
			projectRoot = "";
			targets = (
				8488BAB829854DF1009E3F44 /* SwiftCombineDemo */,
				8488BACD29854DF2009E3F44 /* SwiftCombineDemoTests */,
				8488BAD729854DF2009E3F44 /* SwiftCombineDemoUITests */,
			);
		};
/* End PBXProject section */

/* Begin PBXResourcesBuildPhase section */
		8488BAB729854DF1009E3F44 /* Resources */ = {
			isa = PBXResourcesBuildPhase;
			buildActionMask = 2147483647;
			files = (
				8488BAC429854DF2009E3F44 /* Preview Assets.xcassets in Resources */,
				8488BAC129854DF2009E3F44 /* Assets.xcassets in Resources */,
			);
			runOnlyForDeploymentPostprocessing = 0;
		};
		8488BACC29854DF2009E3F44 /* Resources */ = {
			isa = PBXResourcesBuildPhase;
			buildActionMask = 2147483647;
			files = (
			);
			runOnlyForDeploymentPostprocessing = 0;
		};
		8488BAD629854DF2009E3F44 /* Resources */ = {
			isa = PBXResourcesBuildPhase;
			buildActionMask = 2147483647;
			files = (
			);
			runOnlyForDeploymentPostprocessing = 0;
		};
/* End PBXResourcesBuildPhase section */

/* Begin PBXSourcesBuildPhase section */
		8488BAB529854DF1009E3F44 /* Sources */ = {
			isa = PBXSourcesBuildPhase;
			buildActionMask = 2147483647;
			files = (
				8488BB1B29866EFA009E3F44 /* CDConversionRates+CoreDataClass.swift in Sources */,
				8488BB362987C3B6009E3F44 /* PreConfirmationView.swift in Sources */,
				8488BAC929854DF2009E3F44 /* SwiftCombineDemo.xcdatamodeld in Sources */,
				8488BAF929855E2D009E3F44 /* URLs.swift in Sources */,
				8488BB2F2987B24A009E3F44 /* ExchangeDashboardUseCase.swift in Sources */,
				8488BAEE29855D25009E3F44 /* NetworkClient.swift in Sources */,
				8488BB1029866982009E3F44 /* ConversionRateManager.swift in Sources */,
				8488BB322987B3D0009E3F44 /* ExchangeDashboardPresenter.swift in Sources */,
				8488BB2B2987B210009E3F44 /* TargetCurrencySelectionView.swift in Sources */,
				8488BB272987B1D9009E3F44 /* PickerView.swift in Sources */,
				8488BAFF29855F16009E3F44 /* GenericResponse.swift in Sources */,
				8488BAC629854DF2009E3F44 /* Persistence.swift in Sources */,
				8488BB2029869BA4009E3F44 /* Extensions.swift in Sources */,
				8488BB3E298807BD009E3F44 /* Picker.swift in Sources */,
				8488BAF729855E07009E3F44 /* APIConfiguration.swift in Sources */,
				8488BB13298669A1009E3F44 /* ConversionRateRepository.swift in Sources */,
				8488BB3C2987FA99009E3F44 /* AcknowledgeExchange.swift in Sources */,
				8488BB1C29866EFA009E3F44 /* CDConversionRates+CoreDataProperties.swift in Sources */,
				8488BB2229869D55009E3F44 /* CurrencyView.swift in Sources */,
				8488BB1E298693E5009E3F44 /* UserDefaultHelper.swift in Sources */,
				8488BB2D2987B221009E3F44 /* ResultTextFieldView.swift in Sources */,
				8488BB292987B1FC009E3F44 /* BaseCurrencySelectionView.swift in Sources */,
				8488BAFB29855E6B009E3F44 /* Logger.swift in Sources */,
				8488BB012985624C009E3F44 /* CurrecnyAPIRouter.swift in Sources */,
				8488BB03298564EB009E3F44 /* Currency.swift in Sources */,
				8488BAF329855DA9009E3F44 /* RequestAdapter.swift in Sources */,
				8488BABF29854DF1009E3F44 /* ContentView.swift in Sources */,
				8488BAF529855DC9009E3F44 /* Network.swift in Sources */,
				8488BABD29854DF1009E3F44 /* SwiftCombineDemoApp.swift in Sources */,
			);
			runOnlyForDeploymentPostprocessing = 0;
		};
		8488BACA29854DF2009E3F44 /* Sources */ = {
			isa = PBXSourcesBuildPhase;
			buildActionMask = 2147483647;
			files = (
				8488BAD329854DF2009E3F44 /* SwiftCombineDemoTests.swift in Sources */,
			);
			runOnlyForDeploymentPostprocessing = 0;
		};
		8488BAD429854DF2009E3F44 /* Sources */ = {
			isa = PBXSourcesBuildPhase;
			buildActionMask = 2147483647;
			files = (
				8488BADD29854DF2009E3F44 /* SwiftCombineDemoUITests.swift in Sources */,
				8488BADF29854DF2009E3F44 /* SwiftCombineDemoUITestsLaunchTests.swift in Sources */,
			);
			runOnlyForDeploymentPostprocessing = 0;
		};
/* End PBXSourcesBuildPhase section */

/* Begin PBXTargetDependency section */
		8488BAD029854DF2009E3F44 /* PBXTargetDependency */ = {
			isa = PBXTargetDependency;
			target = 8488BAB829854DF1009E3F44 /* SwiftCombineDemo */;
			targetProxy = 8488BACF29854DF2009E3F44 /* PBXContainerItemProxy */;
		};
		8488BADA29854DF2009E3F44 /* PBXTargetDependency */ = {
			isa = PBXTargetDependency;
			target = 8488BAB829854DF1009E3F44 /* SwiftCombineDemo */;
			targetProxy = 8488BAD929854DF2009E3F44 /* PBXContainerItemProxy */;
		};
/* End PBXTargetDependency section */

/* Begin XCBuildConfiguration section */
		8488BAE029854DF2009E3F44 /* Debug */ = {
			isa = XCBuildConfiguration;
			buildSettings = {
				ALWAYS_SEARCH_USER_PATHS = NO;
				CLANG_ANALYZER_NONNULL = YES;
				CLANG_ANALYZER_NUMBER_OBJECT_CONVERSION = YES_AGGRESSIVE;
				CLANG_CXX_LANGUAGE_STANDARD = "gnu++20";
				CLANG_ENABLE_MODULES = YES;
				CLANG_ENABLE_OBJC_ARC = YES;
				CLANG_ENABLE_OBJC_WEAK = YES;
				CLANG_WARN_BLOCK_CAPTURE_AUTORELEASING = YES;
				CLANG_WARN_BOOL_CONVERSION = YES;
				CLANG_WARN_COMMA = YES;
				CLANG_WARN_CONSTANT_CONVERSION = YES;
				CLANG_WARN_DEPRECATED_OBJC_IMPLEMENTATIONS = YES;
				CLANG_WARN_DIRECT_OBJC_ISA_USAGE = YES_ERROR;
				CLANG_WARN_DOCUMENTATION_COMMENTS = YES;
				CLANG_WARN_EMPTY_BODY = YES;
				CLANG_WARN_ENUM_CONVERSION = YES;
				CLANG_WARN_INFINITE_RECURSION = YES;
				CLANG_WARN_INT_CONVERSION = YES;
				CLANG_WARN_NON_LITERAL_NULL_CONVERSION = YES;
				CLANG_WARN_OBJC_IMPLICIT_RETAIN_SELF = YES;
				CLANG_WARN_OBJC_LITERAL_CONVERSION = YES;
				CLANG_WARN_OBJC_ROOT_CLASS = YES_ERROR;
				CLANG_WARN_QUOTED_INCLUDE_IN_FRAMEWORK_HEADER = YES;
				CLANG_WARN_RANGE_LOOP_ANALYSIS = YES;
				CLANG_WARN_STRICT_PROTOTYPES = YES;
				CLANG_WARN_SUSPICIOUS_MOVE = YES;
				CLANG_WARN_UNGUARDED_AVAILABILITY = YES_AGGRESSIVE;
				CLANG_WARN_UNREACHABLE_CODE = YES;
				CLANG_WARN__DUPLICATE_METHOD_MATCH = YES;
				COPY_PHASE_STRIP = NO;
				DEBUG_INFORMATION_FORMAT = dwarf;
				ENABLE_STRICT_OBJC_MSGSEND = YES;
				ENABLE_TESTABILITY = YES;
				GCC_C_LANGUAGE_STANDARD = gnu11;
				GCC_DYNAMIC_NO_PIC = NO;
				GCC_NO_COMMON_BLOCKS = YES;
				GCC_OPTIMIZATION_LEVEL = 0;
				GCC_PREPROCESSOR_DEFINITIONS = (
					"DEBUG=1",
					"$(inherited)",
				);
				GCC_WARN_64_TO_32_BIT_CONVERSION = YES;
				GCC_WARN_ABOUT_RETURN_TYPE = YES_ERROR;
				GCC_WARN_UNDECLARED_SELECTOR = YES;
				GCC_WARN_UNINITIALIZED_AUTOS = YES_AGGRESSIVE;
				GCC_WARN_UNUSED_FUNCTION = YES;
				GCC_WARN_UNUSED_VARIABLE = YES;
				IPHONEOS_DEPLOYMENT_TARGET = 16.0;
				MTL_ENABLE_DEBUG_INFO = INCLUDE_SOURCE;
				MTL_FAST_MATH = YES;
				ONLY_ACTIVE_ARCH = YES;
				SDKROOT = iphoneos;
				SWIFT_ACTIVE_COMPILATION_CONDITIONS = DEBUG;
				SWIFT_OPTIMIZATION_LEVEL = "-Onone";
			};
			name = Debug;
		};
		8488BAE129854DF2009E3F44 /* Release */ = {
			isa = XCBuildConfiguration;
			buildSettings = {
				ALWAYS_SEARCH_USER_PATHS = NO;
				CLANG_ANALYZER_NONNULL = YES;
				CLANG_ANALYZER_NUMBER_OBJECT_CONVERSION = YES_AGGRESSIVE;
				CLANG_CXX_LANGUAGE_STANDARD = "gnu++20";
				CLANG_ENABLE_MODULES = YES;
				CLANG_ENABLE_OBJC_ARC = YES;
				CLANG_ENABLE_OBJC_WEAK = YES;
				CLANG_WARN_BLOCK_CAPTURE_AUTORELEASING = YES;
				CLANG_WARN_BOOL_CONVERSION = YES;
				CLANG_WARN_COMMA = YES;
				CLANG_WARN_CONSTANT_CONVERSION = YES;
				CLANG_WARN_DEPRECATED_OBJC_IMPLEMENTATIONS = YES;
				CLANG_WARN_DIRECT_OBJC_ISA_USAGE = YES_ERROR;
				CLANG_WARN_DOCUMENTATION_COMMENTS = YES;
				CLANG_WARN_EMPTY_BODY = YES;
				CLANG_WARN_ENUM_CONVERSION = YES;
				CLANG_WARN_INFINITE_RECURSION = YES;
				CLANG_WARN_INT_CONVERSION = YES;
				CLANG_WARN_NON_LITERAL_NULL_CONVERSION = YES;
				CLANG_WARN_OBJC_IMPLICIT_RETAIN_SELF = YES;
				CLANG_WARN_OBJC_LITERAL_CONVERSION = YES;
				CLANG_WARN_OBJC_ROOT_CLASS = YES_ERROR;
				CLANG_WARN_QUOTED_INCLUDE_IN_FRAMEWORK_HEADER = YES;
				CLANG_WARN_RANGE_LOOP_ANALYSIS = YES;
				CLANG_WARN_STRICT_PROTOTYPES = YES;
				CLANG_WARN_SUSPICIOUS_MOVE = YES;
				CLANG_WARN_UNGUARDED_AVAILABILITY = YES_AGGRESSIVE;
				CLANG_WARN_UNREACHABLE_CODE = YES;
				CLANG_WARN__DUPLICATE_METHOD_MATCH = YES;
				COPY_PHASE_STRIP = NO;
				DEBUG_INFORMATION_FORMAT = "dwarf-with-dsym";
				ENABLE_NS_ASSERTIONS = NO;
				ENABLE_STRICT_OBJC_MSGSEND = YES;
				GCC_C_LANGUAGE_STANDARD = gnu11;
				GCC_NO_COMMON_BLOCKS = YES;
				GCC_WARN_64_TO_32_BIT_CONVERSION = YES;
				GCC_WARN_ABOUT_RETURN_TYPE = YES_ERROR;
				GCC_WARN_UNDECLARED_SELECTOR = YES;
				GCC_WARN_UNINITIALIZED_AUTOS = YES_AGGRESSIVE;
				GCC_WARN_UNUSED_FUNCTION = YES;
				GCC_WARN_UNUSED_VARIABLE = YES;
				IPHONEOS_DEPLOYMENT_TARGET = 16.0;
				MTL_ENABLE_DEBUG_INFO = NO;
				MTL_FAST_MATH = YES;
				SDKROOT = iphoneos;
				SWIFT_COMPILATION_MODE = wholemodule;
				SWIFT_OPTIMIZATION_LEVEL = "-O";
				VALIDATE_PRODUCT = YES;
			};
			name = Release;
		};
		8488BAE329854DF2009E3F44 /* Debug */ = {
			isa = XCBuildConfiguration;
			buildSettings = {
				ASSETCATALOG_COMPILER_APPICON_NAME = AppIcon;
				ASSETCATALOG_COMPILER_GLOBAL_ACCENT_COLOR_NAME = AccentColor;
				CODE_SIGN_STYLE = Automatic;
				CURRENT_PROJECT_VERSION = 1;
				DEVELOPMENT_ASSET_PATHS = "\"SwiftCombineDemo/Preview Content\"";
				DEVELOPMENT_TEAM = 2P88GZA497;
				ENABLE_PREVIEWS = YES;
				GENERATE_INFOPLIST_FILE = YES;
				INFOPLIST_KEY_UIApplicationSceneManifest_Generation = YES;
				INFOPLIST_KEY_UIApplicationSupportsIndirectInputEvents = YES;
				INFOPLIST_KEY_UILaunchScreen_Generation = YES;
				INFOPLIST_KEY_UISupportedInterfaceOrientations_iPad = "UIInterfaceOrientationPortrait UIInterfaceOrientationPortraitUpsideDown UIInterfaceOrientationLandscapeLeft UIInterfaceOrientationLandscapeRight";
				INFOPLIST_KEY_UISupportedInterfaceOrientations_iPhone = "UIInterfaceOrientationPortrait UIInterfaceOrientationLandscapeLeft UIInterfaceOrientationLandscapeRight";
				LD_RUNPATH_SEARCH_PATHS = (
					"$(inherited)",
					"@executable_path/Frameworks",
				);
				MARKETING_VERSION = 1.0;
				PRODUCT_BUNDLE_IDENTIFIER = pod.demo.SwiftCombineDemo;
				PRODUCT_NAME = "$(TARGET_NAME)";
				SWIFT_EMIT_LOC_STRINGS = YES;
				SWIFT_VERSION = 5.0;
				TARGETED_DEVICE_FAMILY = "1,2";
			};
			name = Debug;
		};
		8488BAE429854DF2009E3F44 /* Release */ = {
			isa = XCBuildConfiguration;
			buildSettings = {
				ASSETCATALOG_COMPILER_APPICON_NAME = AppIcon;
				ASSETCATALOG_COMPILER_GLOBAL_ACCENT_COLOR_NAME = AccentColor;
				CODE_SIGN_STYLE = Automatic;
				CURRENT_PROJECT_VERSION = 1;
				DEVELOPMENT_ASSET_PATHS = "\"SwiftCombineDemo/Preview Content\"";
				DEVELOPMENT_TEAM = 2P88GZA497;
				ENABLE_PREVIEWS = YES;
				GENERATE_INFOPLIST_FILE = YES;
				INFOPLIST_KEY_UIApplicationSceneManifest_Generation = YES;
				INFOPLIST_KEY_UIApplicationSupportsIndirectInputEvents = YES;
				INFOPLIST_KEY_UILaunchScreen_Generation = YES;
				INFOPLIST_KEY_UISupportedInterfaceOrientations_iPad = "UIInterfaceOrientationPortrait UIInterfaceOrientationPortraitUpsideDown UIInterfaceOrientationLandscapeLeft UIInterfaceOrientationLandscapeRight";
				INFOPLIST_KEY_UISupportedInterfaceOrientations_iPhone = "UIInterfaceOrientationPortrait UIInterfaceOrientationLandscapeLeft UIInterfaceOrientationLandscapeRight";
				LD_RUNPATH_SEARCH_PATHS = (
					"$(inherited)",
					"@executable_path/Frameworks",
				);
				MARKETING_VERSION = 1.0;
				PRODUCT_BUNDLE_IDENTIFIER = pod.demo.SwiftCombineDemo;
				PRODUCT_NAME = "$(TARGET_NAME)";
				SWIFT_EMIT_LOC_STRINGS = YES;
				SWIFT_VERSION = 5.0;
				TARGETED_DEVICE_FAMILY = "1,2";
			};
			name = Release;
		};
		8488BAE629854DF2009E3F44 /* Debug */ = {
			isa = XCBuildConfiguration;
			buildSettings = {
				ALWAYS_EMBED_SWIFT_STANDARD_LIBRARIES = YES;
				BUNDLE_LOADER = "$(TEST_HOST)";
				CODE_SIGN_STYLE = Automatic;
				CURRENT_PROJECT_VERSION = 1;
				DEVELOPMENT_TEAM = 2P88GZA497;
				GENERATE_INFOPLIST_FILE = YES;
				IPHONEOS_DEPLOYMENT_TARGET = 16.0;
				MARKETING_VERSION = 1.0;
				PRODUCT_BUNDLE_IDENTIFIER = pod.demo.SwiftCombineDemoTests;
				PRODUCT_NAME = "$(TARGET_NAME)";
				SWIFT_EMIT_LOC_STRINGS = NO;
				SWIFT_VERSION = 5.0;
				TARGETED_DEVICE_FAMILY = "1,2";
				TEST_HOST = "$(BUILT_PRODUCTS_DIR)/SwiftCombineDemo.app/$(BUNDLE_EXECUTABLE_FOLDER_PATH)/SwiftCombineDemo";
			};
			name = Debug;
		};
		8488BAE729854DF2009E3F44 /* Release */ = {
			isa = XCBuildConfiguration;
			buildSettings = {
				ALWAYS_EMBED_SWIFT_STANDARD_LIBRARIES = YES;
				BUNDLE_LOADER = "$(TEST_HOST)";
				CODE_SIGN_STYLE = Automatic;
				CURRENT_PROJECT_VERSION = 1;
				DEVELOPMENT_TEAM = 2P88GZA497;
				GENERATE_INFOPLIST_FILE = YES;
				IPHONEOS_DEPLOYMENT_TARGET = 16.0;
				MARKETING_VERSION = 1.0;
				PRODUCT_BUNDLE_IDENTIFIER = pod.demo.SwiftCombineDemoTests;
				PRODUCT_NAME = "$(TARGET_NAME)";
				SWIFT_EMIT_LOC_STRINGS = NO;
				SWIFT_VERSION = 5.0;
				TARGETED_DEVICE_FAMILY = "1,2";
				TEST_HOST = "$(BUILT_PRODUCTS_DIR)/SwiftCombineDemo.app/$(BUNDLE_EXECUTABLE_FOLDER_PATH)/SwiftCombineDemo";
			};
			name = Release;
		};
		8488BAE929854DF2009E3F44 /* Debug */ = {
			isa = XCBuildConfiguration;
			buildSettings = {
				ALWAYS_EMBED_SWIFT_STANDARD_LIBRARIES = YES;
				CODE_SIGN_STYLE = Automatic;
				CURRENT_PROJECT_VERSION = 1;
				DEVELOPMENT_TEAM = 2P88GZA497;
				GENERATE_INFOPLIST_FILE = YES;
				MARKETING_VERSION = 1.0;
				PRODUCT_BUNDLE_IDENTIFIER = pod.demo.SwiftCombineDemoUITests;
				PRODUCT_NAME = "$(TARGET_NAME)";
				SWIFT_EMIT_LOC_STRINGS = NO;
				SWIFT_VERSION = 5.0;
				TARGETED_DEVICE_FAMILY = "1,2";
				TEST_TARGET_NAME = SwiftCombineDemo;
			};
			name = Debug;
		};
		8488BAEA29854DF2009E3F44 /* Release */ = {
			isa = XCBuildConfiguration;
			buildSettings = {
				ALWAYS_EMBED_SWIFT_STANDARD_LIBRARIES = YES;
				CODE_SIGN_STYLE = Automatic;
				CURRENT_PROJECT_VERSION = 1;
				DEVELOPMENT_TEAM = 2P88GZA497;
				GENERATE_INFOPLIST_FILE = YES;
				MARKETING_VERSION = 1.0;
				PRODUCT_BUNDLE_IDENTIFIER = pod.demo.SwiftCombineDemoUITests;
				PRODUCT_NAME = "$(TARGET_NAME)";
				SWIFT_EMIT_LOC_STRINGS = NO;
				SWIFT_VERSION = 5.0;
				TARGETED_DEVICE_FAMILY = "1,2";
				TEST_TARGET_NAME = SwiftCombineDemo;
			};
			name = Release;
		};
/* End XCBuildConfiguration section */

/* Begin XCConfigurationList section */
		8488BAB429854DF1009E3F44 /* Build configuration list for PBXProject "SwiftCombineDemo" */ = {
			isa = XCConfigurationList;
			buildConfigurations = (
				8488BAE029854DF2009E3F44 /* Debug */,
				8488BAE129854DF2009E3F44 /* Release */,
			);
			defaultConfigurationIsVisible = 0;
			defaultConfigurationName = Release;
		};
		8488BAE229854DF2009E3F44 /* Build configuration list for PBXNativeTarget "SwiftCombineDemo" */ = {
			isa = XCConfigurationList;
			buildConfigurations = (
				8488BAE329854DF2009E3F44 /* Debug */,
				8488BAE429854DF2009E3F44 /* Release */,
			);
			defaultConfigurationIsVisible = 0;
			defaultConfigurationName = Release;
		};
		8488BAE529854DF2009E3F44 /* Build configuration list for PBXNativeTarget "SwiftCombineDemoTests" */ = {
			isa = XCConfigurationList;
			buildConfigurations = (
				8488BAE629854DF2009E3F44 /* Debug */,
				8488BAE729854DF2009E3F44 /* Release */,
			);
			defaultConfigurationIsVisible = 0;
			defaultConfigurationName = Release;
		};
		8488BAE829854DF2009E3F44 /* Build configuration list for PBXNativeTarget "SwiftCombineDemoUITests" */ = {
			isa = XCConfigurationList;
			buildConfigurations = (
				8488BAE929854DF2009E3F44 /* Debug */,
				8488BAEA29854DF2009E3F44 /* Release */,
			);
			defaultConfigurationIsVisible = 0;
			defaultConfigurationName = Release;
		};
/* End XCConfigurationList section */

/* Begin XCRemoteSwiftPackageReference section */
		8488BAEF29855D69009E3F44 /* XCRemoteSwiftPackageReference "Alamofire" */ = {
			isa = XCRemoteSwiftPackageReference;
			repositoryURL = "https://github.com/Alamofire/Alamofire.git";
			requirement = {
				kind = upToNextMajorVersion;
				minimumVersion = 5.0.0;
			};
		};
/* End XCRemoteSwiftPackageReference section */

/* Begin XCSwiftPackageProductDependency section */
		8488BAF029855D69009E3F44 /* Alamofire */ = {
			isa = XCSwiftPackageProductDependency;
			package = 8488BAEF29855D69009E3F44 /* XCRemoteSwiftPackageReference "Alamofire" */;
			productName = Alamofire;
		};
/* End XCSwiftPackageProductDependency section */

/* Begin XCVersionGroup section */
		8488BAC729854DF2009E3F44 /* SwiftCombineDemo.xcdatamodeld */ = {
			isa = XCVersionGroup;
			children = (
				8488BAC829854DF2009E3F44 /* SwiftCombineDemo.xcdatamodel */,
			);
			currentVersion = 8488BAC829854DF2009E3F44 /* SwiftCombineDemo.xcdatamodel */;
			path = SwiftCombineDemo.xcdatamodeld;
			sourceTree = "<group>";
			versionGroupType = wrapper.xcdatamodel;
		};
/* End XCVersionGroup section */
	};
	rootObject = 8488BAB129854DF1009E3F44 /* Project object */;
}
